<?xml version="1.0" encoding="utf-8"?>
<Project ToolsVersion="4.0" xmlns="http://schemas.microsoft.com/developer/msbuild/2003">
  <ItemGroup>
    <Filter Include="pipeline">
      <UniqueIdentifier>{e0c4580f-5474-4516-b516-b52e3973a516}</UniqueIdentifier>
    </Filter>
    <Filter Include="pipeline\effect">
      <UniqueIdentifier>{bd98cf37-4ba6-49ae-8df0-ff82d9cb4bfe}</UniqueIdentifier>
    </Filter>
    <Filter Include="pipeline\state">
      <UniqueIdentifier>{0520fd79-4450-4ec0-b242-be13da9af75e}</UniqueIdentifier>
    </Filter>
    <Filter Include="pipeline\shader">
      <UniqueIdentifier>{5b7943ad-4006-42d8-b975-f622c6e943dd}</UniqueIdentifier>
    </Filter>
    <Filter Include="pipeline\resource">
      <UniqueIdentifier>{96deaba9-54d1-4fd4-984a-e3e4e068005e}</UniqueIdentifier>
    </Filter>
    <Filter Include="pipeline\resource\texture">
      <UniqueIdentifier>{6b7b5914-bf09-4e43-a3c9-c4d823077736}</UniqueIdentifier>
    </Filter>
    <Filter Include="pipeline\resource\buffer">
      <UniqueIdentifier>{b18a6182-d699-4e36-9f63-048f4513beab}</UniqueIdentifier>
    </Filter>
    <Filter Include="pipeline\resource\texture\detail">
      <UniqueIdentifier>{f390029e-a4c8-4b24-92c4-f626f8ed3d73}</UniqueIdentifier>
    </Filter>
    <Filter Include="pipeline\resource\detail">
      <UniqueIdentifier>{3a02b45b-08ca-4b49-a63c-1a6f9229081e}</UniqueIdentifier>
    </Filter>
    <Filter Include="pipeline\resource\buffer\layout">
      <UniqueIdentifier>{1d2d4096-8bf7-4e81-8411-7b36e1678c0f}</UniqueIdentifier>
    </Filter>
  </ItemGroup>
  <ItemGroup>
    <ClInclude Include="..\..\pipeline\forward.hpp">
      <Filter>pipeline</Filter>
    </ClInclude>
    <ClInclude Include="..\..\pipeline\math.hpp">
      <Filter>pipeline</Filter>
    </ClInclude>
    <ClInclude Include="..\..\pipeline\mpl.hpp">
      <Filter>pipeline</Filter>
    </ClInclude>
    <ClInclude Include="..\..\pipeline\object.hpp">
      <Filter>pipeline</Filter>
    </ClInclude>
    <ClInclude Include="..\..\pipeline\object_manager.hpp">
      <Filter>pipeline</Filter>
    </ClInclude>
    <ClInclude Include="..\..\pipeline\effect\effect.hpp">
      <Filter>pipeline\effect</Filter>
    </ClInclude>
    <ClInclude Include="..\..\pipeline\resource\buffer\buffer.hpp">
      <Filter>pipeline\resource\buffer</Filter>
    </ClInclude>
    <ClInclude Include="..\..\pipeline\resource\buffer\constant_buffer.hpp">
      <Filter>pipeline\resource\buffer</Filter>
    </ClInclude>
    <ClInclude Include="..\..\pipeline\resource\buffer\index_buffer.hpp">
      <Filter>pipeline\resource\buffer</Filter>
    </ClInclude>
    <ClInclude Include="..\..\pipeline\resource\buffer\indirect_argument_buffer.hpp">
      <Filter>pipeline\resource\buffer</Filter>
    </ClInclude>
    <ClInclude Include="..\..\pipeline\resource\buffer\raw_buffer.hpp">
      <Filter>pipeline\resource\buffer</Filter>
    </ClInclude>
    <ClInclude Include="..\..\pipeline\resource\buffer\structured_buffer.hpp">
      <Filter>pipeline\resource\buffer</Filter>
    </ClInclude>
    <ClInclude Include="..\..\pipeline\resource\buffer\vertex_buffer.hpp">
      <Filter>pipeline\resource\buffer</Filter>
    </ClInclude>
    <ClInclude Include="..\..\pipeline\resource\texture\texture.hpp">
      <Filter>pipeline\resource\texture</Filter>
    </ClInclude>
    <ClInclude Include="..\..\pipeline\resource\texture\texture_1d.hpp">
      <Filter>pipeline\resource\texture</Filter>
    </ClInclude>
    <ClInclude Include="..\..\pipeline\resource\texture\texture_1d_array.hpp">
      <Filter>pipeline\resource\texture</Filter>
    </ClInclude>
    <ClInclude Include="..\..\pipeline\resource\texture\texture_2d.hpp">
      <Filter>pipeline\resource\texture</Filter>
    </ClInclude>
    <ClInclude Include="..\..\pipeline\resource\texture\texture_2d_array.hpp">
      <Filter>pipeline\resource\texture</Filter>
    </ClInclude>
    <ClInclude Include="..\..\pipeline\resource\texture\texture_3d.hpp">
      <Filter>pipeline\resource\texture</Filter>
    </ClInclude>
    <ClInclude Include="..\..\pipeline\resource\texture\texture_cube.hpp">
      <Filter>pipeline\resource\texture</Filter>
    </ClInclude>
    <ClInclude Include="..\..\pipeline\resource\texture\texture_cube_array.hpp">
      <Filter>pipeline\resource\texture</Filter>
    </ClInclude>
    <ClInclude Include="..\..\pipeline\resource\texture\texture_ds.hpp">
      <Filter>pipeline\resource\texture</Filter>
    </ClInclude>
    <ClInclude Include="..\..\pipeline\resource\texture\texture_rt.hpp">
      <Filter>pipeline\resource\texture</Filter>
    </ClInclude>
    <ClInclude Include="..\..\pipeline\resource\texture\detail\texture_subresource.hpp">
      <Filter>pipeline\resource\texture\detail</Filter>
    </ClInclude>
    <ClInclude Include="..\..\pipeline\shader\shader.hpp">
      <Filter>pipeline\shader</Filter>
    </ClInclude>
    <ClInclude Include="..\..\pipeline\state\sampler.hpp">
      <Filter>pipeline\state</Filter>
    </ClInclude>
    <ClInclude Include="..\..\pipeline\resource\resource.hpp">
      <Filter>pipeline\resource</Filter>
    </ClInclude>
    <ClInclude Include="..\..\pipeline\resource\texture.hpp">
      <Filter>pipeline\resource</Filter>
    </ClInclude>
    <ClInclude Include="..\..\pipeline\resource\buffer.hpp">
      <Filter>pipeline\resource</Filter>
    </ClInclude>
    <ClInclude Include="..\..\pipeline\resource\infrastucture.hpp">
      <Filter>pipeline\resource</Filter>
    </ClInclude>
    <ClInclude Include="..\..\pipeline\resource\detail\numeric_size.hpp">
      <Filter>pipeline\resource\detail</Filter>
    </ClInclude>
    <ClInclude Include="..\..\pipeline\resource\variable.hpp">
      <Filter>pipeline\resource</Filter>
    </ClInclude>
    <ClInclude Include="..\..\pipeline\resource\buffer\layout\input_layout.hpp">
      <Filter>pipeline\resource\buffer\layout</Filter>
    </ClInclude>
    <ClInclude Include="..\..\pipeline\resource\buffer\layout\structured_layout.hpp">
      <Filter>pipeline\resource\buffer\layout</Filter>
    </ClInclude>
    <ClInclude Include="..\..\pipeline\resource\buffer\layout\numeric_variable.hpp">
      <Filter>pipeline\resource\buffer\layout</Filter>
    </ClInclude>
    <ClInclude Include="..\..\pipeline\resource\buffer\layout\numeric_traits.hpp">
      <Filter>pipeline\resource\buffer\layout</Filter>
    </ClInclude>
  </ItemGroup>
  <ItemGroup>
    <ClCompile Include="..\..\pipeline\main.cpp" />
  </ItemGroup>
</Project>